
Microsoft Visual Studio Solution File, Format Version 12.00
# Visual Studio Version 17
VisualStudioVersion = 17.4.33213.308
MinimumVisualStudioVersion = 10.0.40219.1
Project("{FAE04EC0-301F-11D3-BF4B-00C04F79EFBC}") = "AddressApp", "AddressApp\AddressApp.csproj", "{9B775619-7D1B-4C60-841A-628BA318A198}"
EndProject
Global
	GlobalSection(SolutionConfigurationPlatforms) = preSolution
		Debug|Any CPU = Debug|Any CPU
		Release|Any CPU = Release|Any CPU
	EndGlobalSection
	GlobalSection(ProjectConfigurationPlatforms) = postSolution
		{9B775619-7D1B-4C60-841A-628BA318A198}.Debug|Any CPU.ActiveCfg = Debug|Any CPU
		{9B775619-7D1B-4C60-841A-628BA318A198}.Debug|Any CPU.Build.0 = Debug|Any CPU
		{9B775619-7D1B-4C60-841A-628BA318A198}.Release|Any CPU.ActiveCfg = Release|Any CPU
		{9B775619-7D1B-4C60-841A-628BA318A198}.Release|Any CPU.Build.0 = Release|Any CPU
	EndGlobalSection
	GlobalSection(SolutionProperties) = preSolution
		HideSolutionNode = FALSE
	EndGlobalSection
	GlobalSection(ExtensibilityGlobals) = postSolution
		SolutionGuid = {71E1F5E2-B48F-485F-81D9-FF8C99C0A735}
	EndGlobalSection
EndGlobal
